
Microsoft Visual Studio Solution File, Format Version 12.00
# Visual Studio Version 17
VisualStudioVersion = 17.0.31912.275
MinimumVisualStudioVersion = 10.0.40219.1
Project("{FAE04EC0-301F-11D3-BF4B-00C04F79EFBC}") = "Library_MS", "Library_MS\Library_MS.csproj", "{4947CAB6-CF16-4E3F-8877-0E4E8C03670A}"
EndProject
Global
	GlobalSection(SolutionConfigurationPlatforms) = preSolution
		Debug|Any CPU = Debug|Any CPU
		Release|Any CPU = Release|Any CPU
	EndGlobalSection
	GlobalSection(ProjectConfigurationPlatforms) = postSolution
		{4947CAB6-CF16-4E3F-8877-0E4E8C03670A}.Debug|Any CPU.ActiveCfg = Debug|Any CPU
		{4947CAB6-CF16-4E3F-8877-0E4E8C03670A}.Debug|Any CPU.Build.0 = Debug|Any CPU
		{4947CAB6-CF16-4E3F-8877-0E4E8C03670A}.Release|Any CPU.ActiveCfg = Release|Any CPU
		{4947CAB6-CF16-4E3F-8877-0E4E8C03670A}.Release|Any CPU.Build.0 = Release|Any CPU
	EndGlobalSection
	GlobalSection(SolutionProperties) = preSolution
		HideSolutionNode = FALSE
	EndGlobalSection
	GlobalSection(ExtensibilityGlobals) = postSolution
		SolutionGuid = {BF8529CC-0B10-4A3B-9793-B9446C36B556}
	EndGlobalSection
EndGlobal
